PODS:
  - SKActivityIndicatorView (1.0.0)

DEPENDENCIES:
  - SKActivityIndicatorView (from `../`)

EXTERNAL SOURCES:
  SKActivityIndicatorView:
    :path: "../"

SPEC CHECKSUMS:
  SKActivityIndicatorView: a02baa9d79ee0df2217cb25184f7b43175c320dc

PODFILE CHECKSUM: b556a081579ee138289697c432954e868c6e4f8f

COCOAPODS: 1.7.0.rc.1
